// !$*UTF8*$!
{
	archiveVersion = 1;
	classes = {
	};
	objectVersion = 50;
	objects = {

/* Begin PBXBuildFile section */
		11AFF9FE25D194FA009A147B /* AppDelegate.swift in Sources */ = {isa = PBXBuildFile; fileRef = 11AFF9FD25D194FA009A147B /* AppDelegate.swift */; };
		11AFFA0025D194FA009A147B /* SceneDelegate.swift in Sources */ = {isa = PBXBuildFile; fileRef = 11AFF9FF25D194FA009A147B /* SceneDelegate.swift */; };
		11AFFA0225D194FA009A147B /* ViewController.swift in Sources */ = {isa = PBXBuildFile; fileRef = 11AFFA0125D194FA009A147B /* ViewController.swift */; };
		11AFFA0525D194FA009A147B /* Main.storyboard in Resources */ = {isa = PBXBuildFile; fileRef = 11AFFA0325D194FA009A147B /* Main.storyboard */; };
		11AFFA0725D194FE009A147B /* Assets.xcassets in Resources */ = {isa = PBXBuildFile; fileRef = 11AFFA0625D194FE009A147B /* Assets.xcassets */; };
		11AFFA0A25D194FE009A147B /* LaunchScreen.storyboard in Resources */ = {isa = PBXBuildFile; fileRef = 11AFFA0825D194FE009A147B /* LaunchScreen.storyboard */; };
		11AFFA1525D196A8009A147B /* Set.swift in Sources */ = {isa = PBXBuildFile; fileRef = 11AFFA1425D196A8009A147B /* Set.swift */; };
		11AFFA1825D196B1009A147B /* Card.swift in Sources */ = {isa = PBXBuildFile; fileRef = 11AFFA1725D196B1009A147B /* Card.swift */; };
/* End PBXBuildFile section */

/* Begin PBXFileReference section */
		11AFF9FA25D194FA009A147B /* Set.app */ = {isa = PBXFileReference; explicitFileType = wrapper.application; includeInIndex = 0; path = Set.app; sourceTree = BUILT_PRODUCTS_DIR; };
		11AFF9FD25D194FA009A147B /* AppDelegate.swift */ = {isa = PBXFileReference; lastKnownFileType = sourcecode.swift; path = AppDelegate.swift; sourceTree = "<group>"; };
		11AFF9FF25D194FA009A147B /* SceneDelegate.swift */ = {isa = PBXFileReference; lastKnownFileType = sourcecode.swift; path = SceneDelegate.swift; sourceTree = "<group>"; };
		11AFFA0125D194FA009A147B /* ViewController.swift */ = {isa = PBXFileReference; lastKnownFileType = sourcecode.swift; path = ViewController.swift; sourceTree = "<group>"; };
		11AFFA0425D194FA009A147B /* Base */ = {isa = PBXFileReference; lastKnownFileType = file.storyboard; name = Base; path = Base.lproj/Main.storyboard; sourceTree = "<group>"; };
		11AFFA0625D194FE009A147B /* Assets.xcassets */ = {isa = PBXFileReference; lastKnownFileType = folder.assetcatalog; path = Assets.xcassets; sourceTree = "<group>"; };
		11AFFA0925D194FE009A147B /* Base */ = {isa = PBXFileReference; lastKnownFileType = file.storyboard; name = Base; path = Base.lproj/LaunchScreen.storyboard; sourceTree = "<group>"; };
		11AFFA0B25D194FE009A147B /* Info.plist */ = {isa = PBXFileReference; lastKnownFileType = text.plist.xml; path = Info.plist; sourceTree = "<group>"; };
		11AFFA1425D196A8009A147B /* Set.swift */ = {isa = PBXFileReference; lastKnownFileType = sourcecode.swift; path = Set.swift; sourceTree = "<group>"; };
		11AFFA1725D196B1009A147B /* Card.swift */ = {isa = PBXFileReference; lastKnownFileType = sourcecode.swift; path = Card.swift; sourceTree = "<group>"; };
/* End PBXFileReference section */

/* Begin PBXFrameworksBuildPhase section */
		11AFF9F725D194FA009A147B /* Frameworks */ = {
			isa = PBXFrameworksBuildPhase;
			buildActionMask = 2147483647;
			files = (
			);
			runOnlyForDeploymentPostprocessing = 0;
		};
/* End PBXFrameworksBuildPhase section */

/* Begin PBXGroup section */
		11AFF9F125D194FA009A147B = {
			isa = PBXGroup;
			children = (
				11AFF9FC25D194FA009A147B /* set */,
				11AFF9FB25D194FA009A147B /* Products */,
			);
			sourceTree = "<group>";
		};
		11AFF9FB25D194FA009A147B /* Products */ = {
			isa = PBXGroup;
			children = (
				11AFF9FA25D194FA009A147B /* Set.app */,
			);
			name = Products;
			sourceTree = "<group>";
		};
		11AFF9FC25D194FA009A147B /* set */ = {
			isa = PBXGroup;
			children = (
				11AFFA4025D42D24009A147B /* Controller */,
				11AFFA2525D26819009A147B /* Model */,
				11AFFA4125D42D4D009A147B /* View */,
				11AFFA0B25D194FE009A147B /* Info.plist */,
				11AFFA1225D19514009A147B /* Oter files */,
			);
			path = set;
			sourceTree = "<group>";
		};
		11AFFA1225D19514009A147B /* Oter files */ = {
			isa = PBXGroup;
			children = (
				11AFF9FF25D194FA009A147B /* SceneDelegate.swift */,
				11AFF9FD25D194FA009A147B /* AppDelegate.swift */,
				11AFFA0625D194FE009A147B /* Assets.xcassets */,
			);
			path = "Oter files";
			sourceTree = "<group>";
		};
		11AFFA2525D26819009A147B /* Model */ = {
			isa = PBXGroup;
			children = (
				11AFFA1725D196B1009A147B /* Card.swift */,
				11AFFA1425D196A8009A147B /* Set.swift */,
			);
			name = Model;
			sourceTree = "<group>";
		};
		11AFFA4025D42D24009A147B /* Controller */ = {
			isa = PBXGroup;
			children = (
				11AFFA0125D194FA009A147B /* ViewController.swift */,
			);
			name = Controller;
			sourceTree = "<group>";
		};
		11AFFA4125D42D4D009A147B /* View */ = {
			isa = PBXGroup;
			children = (
				11AFFA0325D194FA009A147B /* Main.storyboard */,
				11AFFA0825D194FE009A147B /* LaunchScreen.storyboard */,
			);
			name = View;
			sourceTree = "<group>";
		};
/* End PBXGroup section */

/* Begin PBXNativeTarget section */
		11AFF9F925D194FA009A147B /* Set */ = {
			isa = PBXNativeTarget;
			buildConfigurationList = 11AFFA0E25D194FE009A147B /* Build configuration list for PBXNativeTarget "Set" */;
			buildPhases = (
				11AFF9F625D194FA009A147B /* Sources */,
				11AFF9F725D194FA009A147B /* Frameworks */,
				11AFF9F825D194FA009A147B /* Resources */,
			);
			buildRules = (
			);
			dependencies = (
			);
			name = Set;
			productName = set;
			productReference = 11AFF9FA25D194FA009A147B /* Set.app */;
			productType = "com.apple.product-type.application";
		};
/* End PBXNativeTarget section */

/* Begin PBXProject section */
		11AFF9F225D194FA009A147B /* Project object */ = {
			isa = PBXProject;
			attributes = {
				LastSwiftUpdateCheck = 1240;
				LastUpgradeCheck = 1240;
				TargetAttributes = {
					11AFF9F925D194FA009A147B = {
						CreatedOnToolsVersion = 12.4;
					};
				};
			};
			buildConfigurationList = 11AFF9F525D194FA009A147B /* Build configuration list for PBXProject "Set" */;
			compatibilityVersion = "Xcode 9.3";
			developmentRegion = en;
			hasScannedForEncodings = 0;
			knownRegions = (
				en,
				Base,
			);
			mainGroup = 11AFF9F125D194FA009A147B;
			productRefGroup = 11AFF9FB25D194FA009A147B /* Products */;
			projectDirPath = "";
			projectRoot = "";
			targets = (
				11AFF9F925D194FA009A147B /* Set */,
			);
		};
/* End PBXProject section */

/* Begin PBXResourcesBuildPhase section */
		11AFF9F825D194FA009A147B /* Resources */ = {
			isa = PBXResourcesBuildPhase;
			buildActionMask = 2147483647;
			files = (
				11AFFA0A25D194FE009A147B /* LaunchScreen.storyboard in Resources */,
				11AFFA0725D194FE009A147B /* Assets.xcassets in Resources */,
				11AFFA0525D194FA009A147B /* Main.storyboard in Resources */,
			);
			runOnlyForDeploymentPostprocessing = 0;
		};
/* End PBXResourcesBuildPhase section */

/* Begin PBXSourcesBuildPhase section */
		11AFF9F625D194FA009A147B /* Sources */ = {
			isa = PBXSourcesBuildPhase;
			buildActionMask = 2147483647;
			files = (
				11AFFA1525D196A8009A147B /* Set.swift in Sources */,
				11AFFA0225D194FA009A147B /* ViewController.swift in Sources */,
				11AFFA1825D196B1009A147B /* Card.swift in Sources */,
				11AFF9FE25D194FA009A147B /* AppDelegate.swift in Sources */,
				11AFFA0025D194FA009A147B /* SceneDelegate.swift in Sources */,
			);
			runOnlyForDeploymentPostprocessing = 0;
		};
/* End PBXSourcesBuildPhase section */

/* Begin PBXVariantGroup section */
		11AFFA0325D194FA009A147B /* Main.storyboard */ = {
			isa = PBXVariantGroup;
			children = (
				11AFFA0425D194FA009A147B /* Base */,
			);
			name = Main.storyboard;
			sourceTree = "<group>";
		};
		11AFFA0825D194FE009A147B /* LaunchScreen.storyboard */ = {
			isa = PBXVariantGroup;
			children = (
				11AFFA0925D194FE009A147B /* Base */,
			);
			name = LaunchScreen.storyboard;
			sourceTree = "<group>";
		};
/* End PBXVariantGroup section */

/* Begin XCBuildConfiguration section */
		11AFFA0C25D194FE009A147B /* Debug */ = {
			isa = XCBuildConfiguration;
			buildSettings = {
				ALWAYS_SEARCH_USER_PATHS = NO;
				CLANG_ANALYZER_NONNULL = YES;
				CLANG_ANALYZER_NUMBER_OBJECT_CONVERSION = YES_AGGRESSIVE;
				CLANG_CXX_LANGUAGE_STANDARD = "gnu++14";
				CLANG_CXX_LIBRARY = "libc++";
				CLANG_ENABLE_MODULES = YES;
				CLANG_ENABLE_OBJC_ARC = YES;
				CLANG_ENABLE_OBJC_WEAK = YES;
				CLANG_WARN_BLOCK_CAPTURE_AUTORELEASING = YES;
				CLANG_WARN_BOOL_CONVERSION = YES;
				CLANG_WARN_COMMA = YES;
				CLANG_WARN_CONSTANT_CONVERSION = YES;
				CLANG_WARN_DEPRECATED_OBJC_IMPLEMENTATIONS = YES;
				CLANG_WARN_DIRECT_OBJC_ISA_USAGE = YES_ERROR;
				CLANG_WARN_DOCUMENTATION_COMMENTS = YES;
				CLANG_WARN_EMPTY_BODY = YES;
				CLANG_WARN_ENUM_CONVERSION = YES;
				CLANG_WARN_INFINITE_RECURSION = YES;
				CLANG_WARN_INT_CONVERSION = YES;
				CLANG_WARN_NON_LITERAL_NULL_CONVERSION = YES;
				CLANG_WARN_OBJC_IMPLICIT_RETAIN_SELF = YES;
				CLANG_WARN_OBJC_LITERAL_CONVERSION = YES;
				CLANG_WARN_OBJC_ROOT_CLASS = YES_ERROR;
				CLANG_WARN_QUOTED_INCLUDE_IN_FRAMEWORK_HEADER = YES;
				CLANG_WARN_RANGE_LOOP_ANALYSIS = YES;
				CLANG_WARN_STRICT_PROTOTYPES = YES;
				CLANG_WARN_SUSPICIOUS_MOVE = YES;
				CLANG_WARN_UNGUARDED_AVAILABILITY = YES_AGGRESSIVE;
				CLANG_WARN_UNREACHABLE_CODE = YES;
				CLANG_WARN__DUPLICATE_METHOD_MATCH = YES;
				COPY_PHASE_STRIP = NO;
				DEBUG_INFORMATION_FORMAT = dwarf;
				ENABLE_STRICT_OBJC_MSGSEND = YES;
				ENABLE_TESTABILITY = YES;
				GCC_C_LANGUAGE_STANDARD = gnu11;
				GCC_DYNAMIC_NO_PIC = NO;
				GCC_NO_COMMON_BLOCKS = YES;
				GCC_OPTIMIZATION_LEVEL = 0;
				GCC_PREPROCESSOR_DEFINITIONS = (
					"DEBUG=1",
					"$(inherited)",
				);
				GCC_WARN_64_TO_32_BIT_CONVERSION = YES;
				GCC_WARN_ABOUT_RETURN_TYPE = YES_ERROR;
				GCC_WARN_UNDECLARED_SELECTOR = YES;
				GCC_WARN_UNINITIALIZED_AUTOS = YES_AGGRESSIVE;
				GCC_WARN_UNUSED_FUNCTION = YES;
				GCC_WARN_UNUSED_VARIABLE = YES;
				IPHONEOS_DEPLOYMENT_TARGET = 14.4;
				MTL_ENABLE_DEBUG_INFO = INCLUDE_SOURCE;
				MTL_FAST_MATH = YES;
				ONLY_ACTIVE_ARCH = YES;
				SDKROOT = iphoneos;
				SWIFT_ACTIVE_COMPILATION_CONDITIONS = DEBUG;
				SWIFT_OPTIMIZATION_LEVEL = "-Onone";
			};
			name = Debug;
		};
		11AFFA0D25D194FE009A147B /* Release */ = {
			isa = XCBuildConfiguration;
			buildSettings = {
				ALWAYS_SEARCH_USER_PATHS = NO;
				CLANG_ANALYZER_NONNULL = YES;
				CLANG_ANALYZER_NUMBER_OBJECT_CONVERSION = YES_AGGRESSIVE;
				CLANG_CXX_LANGUAGE_STANDARD = "gnu++14";
				CLANG_CXX_LIBRARY = "libc++";
				CLANG_ENABLE_MODULES = YES;
				CLANG_ENABLE_OBJC_ARC = YES;
				CLANG_ENABLE_OBJC_WEAK = YES;
				CLANG_WARN_BLOCK_CAPTURE_AUTORELEASING = YES;
				CLANG_WARN_BOOL_CONVERSION = YES;
				CLANG_WARN_COMMA = YES;
				CLANG_WARN_CONSTANT_CONVERSION = YES;
				CLANG_WARN_DEPRECATED_OBJC_IMPLEMENTATIONS = YES;
				CLANG_WARN_DIRECT_OBJC_ISA_USAGE = YES_ERROR;
				CLANG_WARN_DOCUMENTATION_COMMENTS = YES;
				CLANG_WARN_EMPTY_BODY = YES;
				CLANG_WARN_ENUM_CONVERSION = YES;
				CLANG_WARN_INFINITE_RECURSION = YES;
				CLANG_WARN_INT_CONVERSION = YES;
				CLANG_WARN_NON_LITERAL_NULL_CONVERSION = YES;
				CLANG_WARN_OBJC_IMPLICIT_RETAIN_SELF = YES;
				CLANG_WARN_OBJC_LITERAL_CONVERSION = YES;
				CLANG_WARN_OBJC_ROOT_CLASS = YES_ERROR;
				CLANG_WARN_QUOTED_INCLUDE_IN_FRAMEWORK_HEADER = YES;
				CLANG_WARN_RANGE_LOOP_ANALYSIS = YES;
				CLANG_WARN_STRICT_PROTOTYPES = YES;
				CLANG_WARN_SUSPICIOUS_MOVE = YES;
				CLANG_WARN_UNGUARDED_AVAILABILITY = YES_AGGRESSIVE;
				CLANG_WARN_UNREACHABLE_CODE = YES;
				CLANG_WARN__DUPLICATE_METHOD_MATCH = YES;
				COPY_PHASE_STRIP = NO;
				DEBUG_INFORMATION_FORMAT = "dwarf-with-dsym";
				ENABLE_NS_ASSERTIONS = NO;
				ENABLE_STRICT_OBJC_MSGSEND = YES;
				GCC_C_LANGUAGE_STANDARD = gnu11;
				GCC_NO_COMMON_BLOCKS = YES;
				GCC_WARN_64_TO_32_BIT_CONVERSION = YES;
				GCC_WARN_ABOUT_RETURN_TYPE = YES_ERROR;
				GCC_WARN_UNDECLARED_SELECTOR = YES;
				GCC_WARN_UNINITIALIZED_AUTOS = YES_AGGRESSIVE;
				GCC_WARN_UNUSED_FUNCTION = YES;
				GCC_WARN_UNUSED_VARIABLE = YES;
				IPHONEOS_DEPLOYMENT_TARGET = 14.4;
				MTL_ENABLE_DEBUG_INFO = NO;
				MTL_FAST_MATH = YES;
				SDKROOT = iphoneos;
				SWIFT_COMPILATION_MODE = wholemodule;
				SWIFT_OPTIMIZATION_LEVEL = "-O";
				VALIDATE_PRODUCT = YES;
			};
			name = Release;
		};
		11AFFA0F25D194FE009A147B /* Debug */ = {
			isa = XCBuildConfiguration;
			buildSettings = {
				ASSETCATALOG_COMPILER_APPICON_NAME = AppIcon;
				ASSETCATALOG_COMPILER_GLOBAL_ACCENT_COLOR_NAME = AccentColor;
				CODE_SIGN_STYLE = Automatic;
				DEVELOPMENT_TEAM = CS4N74YJQW;
				INFOPLIST_FILE = set/Info.plist;
				LD_RUNPATH_SEARCH_PATHS = (
					"$(inherited)",
					"@executable_path/Frameworks",
				);
				PRODUCT_BUNDLE_IDENTIFIER = Konovalov.set;
				PRODUCT_NAME = "$(TARGET_NAME)";
				SWIFT_VERSION = 5.0;
				TARGETED_DEVICE_FAMILY = "1,2";
			};
			name = Debug;
		};
		11AFFA1025D194FE009A147B /* Release */ = {
			isa = XCBuildConfiguration;
			buildSettings = {
				ASSETCATALOG_COMPILER_APPICON_NAME = AppIcon;
				ASSETCATALOG_COMPILER_GLOBAL_ACCENT_COLOR_NAME = AccentColor;
				CODE_SIGN_STYLE = Automatic;
				DEVELOPMENT_TEAM = CS4N74YJQW;
				INFOPLIST_FILE = set/Info.plist;
				LD_RUNPATH_SEARCH_PATHS = (
					"$(inherited)",
					"@executable_path/Frameworks",
				);
				PRODUCT_BUNDLE_IDENTIFIER = Konovalov.set;
				PRODUCT_NAME = "$(TARGET_NAME)";
				SWIFT_VERSION = 5.0;
				TARGETED_DEVICE_FAMILY = "1,2";
			};
			name = Release;
		};
/* End XCBuildConfiguration section */

/* Begin XCConfigurationList section */
		11AFF9F525D194FA009A147B /* Build configuration list for PBXProject "Set" */ = {
			isa = XCConfigurationList;
			buildConfigurations = (
				11AFFA0C25D194FE009A147B /* Debug */,
				11AFFA0D25D194FE009A147B /* Release */,
			);
			defaultConfigurationIsVisible = 0;
			defaultConfigurationName = Release;
		};
		11AFFA0E25D194FE009A147B /* Build configuration list for PBXNativeTarget "Set" */ = {
			isa = XCConfigurationList;
			buildConfigurations = (
				11AFFA0F25D194FE009A147B /* Debug */,
				11AFFA1025D194FE009A147B /* Release */,
			);
			defaultConfigurationIsVisible = 0;
			defaultConfigurationName = Release;
		};
/* End XCConfigurationList section */
	};
	rootObject = 11AFF9F225D194FA009A147B /* Project object */;
}
